// !$*UTF8*$!
{
	archiveVersion = 1;
	classes = {
	};
	objectVersion = 50;
	objects = {

/* Begin PBXBuildFile section */
		291BC15C26A18429003198B8 /* AudioToolbox.framework in Frameworks */ = {isa = PBXBuildFile; fileRef = C4ACEBB724556F4C008CD334 /* AudioToolbox.framework */; };
		291BC15E26A18436003198B8 /* CoreMedia.framework in Frameworks */ = {isa = PBXBuildFile; fileRef = 291BC15D26A18436003198B8 /* CoreMedia.framework */; };
		291BC15F26A1843E003198B8 /* VideoToolbox.framework in Frameworks */ = {isa = PBXBuildFile; fileRef = C4ACEBBB24556F71008CD334 /* VideoToolbox.framework */; };
		291BC16826A1854D003198B8 /* libcrypto.a in Frameworks */ = {isa = PBXBuildFile; fileRef = C437D56B24653BB20012D982 /* libcrypto.a */; };
		291BC16926A18550003198B8 /* libssl.a in Frameworks */ = {isa = PBXBuildFile; fileRef = C437D5BC24653BB20012D982 /* libssl.a */; };
		C437D41A246533B40012D982 /* libiconv.2.4.0.tbd in Frameworks */ = {isa = PBXBuildFile; fileRef = C4ACECDF2456785B008CD334 /* libiconv.2.4.0.tbd */; };
		C437D5BF2465495B0012D982 /* libc++.tbd in Frameworks */ = {isa = PBXBuildFile; fileRef = C4ACECDD24567836008CD334 /* libc++.tbd */; };
		C437D5C02465496A0012D982 /* AVFoundation.framework in Frameworks */ = {isa = PBXBuildFile; fileRef = C4ACEBB124556E85008CD334 /* AVFoundation.framework */; };
		C437D62B246B96DE0012D982 /* NetworkExtension.framework in Frameworks */ = {isa = PBXBuildFile; fileRef = C437D62A246B96DE0012D982 /* NetworkExtension.framework */; };
		C461F74324595AE900F9E796 /* UIView+Toast.m in Sources */ = {isa = PBXBuildFile; fileRef = C461F74224595AE900F9E796 /* UIView+Toast.m */; };
		C47DC30924D04FD40070A7ED /* libEZWiFiConfigSDK.a in Frameworks */ = {isa = PBXBuildFile; fileRef = C47DC30824D04FD40070A7ED /* libEZWiFiConfigSDK.a */; };
		C4ACEB89245566ED008CD334 /* AppDelegate.m in Sources */ = {isa = PBXBuildFile; fileRef = C4ACEB88245566ED008CD334 /* AppDelegate.m */; };
		C4ACEB8C245566ED008CD334 /* SceneDelegate.m in Sources */ = {isa = PBXBuildFile; fileRef = C4ACEB8B245566ED008CD334 /* SceneDelegate.m */; };
		C4ACEB8F245566ED008CD334 /* ViewController.m in Sources */ = {isa = PBXBuildFile; fileRef = C4ACEB8E245566ED008CD334 /* ViewController.m */; };
		C4ACEB92245566ED008CD334 /* Main.storyboard in Resources */ = {isa = PBXBuildFile; fileRef = C4ACEB90245566ED008CD334 /* Main.storyboard */; };
		C4ACEB94245566EE008CD334 /* Assets.xcassets in Resources */ = {isa = PBXBuildFile; fileRef = C4ACEB93245566EE008CD334 /* Assets.xcassets */; };
		C4ACEB97245566EE008CD334 /* LaunchScreen.storyboard in Resources */ = {isa = PBXBuildFile; fileRef = C4ACEB95245566EE008CD334 /* LaunchScreen.storyboard */; };
		C4ACEB9A245566EE008CD334 /* main.m in Sources */ = {isa = PBXBuildFile; fileRef = C4ACEB99245566EE008CD334 /* main.m */; };
/* End PBXBuildFile section */

/* Begin PBXFileReference section */
		291BC15A26A183AA003198B8 /* AudioUnit.framework */ = {isa = PBXFileReference; lastKnownFileType = wrapper.framework; name = AudioUnit.framework; path = System/Library/Frameworks/AudioUnit.framework; sourceTree = SDKROOT; };
		291BC15D26A18436003198B8 /* CoreMedia.framework */ = {isa = PBXFileReference; lastKnownFileType = wrapper.framework; name = CoreMedia.framework; path = System/Library/Frameworks/CoreMedia.framework; sourceTree = SDKROOT; };
		29F238342692A08E00A9B726 /* EZConfigTokenInfo.h */ = {isa = PBXFileReference; fileEncoding = 4; lastKnownFileType = sourcecode.c.h; path = EZConfigTokenInfo.h; sourceTree = "<group>"; };
		C437D414246533440012D982 /* EZWiFiConfigManager.h */ = {isa = PBXFileReference; fileEncoding = 4; lastKnownFileType = sourcecode.c.h; path = EZWiFiConfigManager.h; sourceTree = "<group>"; };
		C437D415246533440012D982 /* libEZWiFiConfigSDK.a */ = {isa = PBXFileReference; lastKnownFileType = archive.ar; path = libEZWiFiConfigSDK.a; sourceTree = "<group>"; };
		C437D56B24653BB20012D982 /* libcrypto.a */ = {isa = PBXFileReference; lastKnownFileType = archive.ar; path = libcrypto.a; sourceTree = "<group>"; };
		C437D5BC24653BB20012D982 /* libssl.a */ = {isa = PBXFileReference; lastKnownFileType = archive.ar; path = libssl.a; sourceTree = "<group>"; };
		C437D62A246B96DE0012D982 /* NetworkExtension.framework */ = {isa = PBXFileReference; lastKnownFileType = wrapper.framework; name = NetworkExtension.framework; path = System/Library/Frameworks/NetworkExtension.framework; sourceTree = SDKROOT; };
		C461F74124595AE900F9E796 /* UIView+Toast.h */ = {isa = PBXFileReference; fileEncoding = 4; lastKnownFileType = sourcecode.c.h; path = "UIView+Toast.h"; sourceTree = "<group>"; };
		C461F74224595AE900F9E796 /* UIView+Toast.m */ = {isa = PBXFileReference; fileEncoding = 4; lastKnownFileType = sourcecode.c.objc; path = "UIView+Toast.m"; sourceTree = "<group>"; };
		C461F74424595D7000F9E796 /* EZWiFiConfigDemo.entitlements */ = {isa = PBXFileReference; lastKnownFileType = text.plist.entitlements; path = EZWiFiConfigDemo.entitlements; sourceTree = "<group>"; };
		C461F74524595D7600F9E796 /* ExternalAccessory.framework */ = {isa = PBXFileReference; lastKnownFileType = wrapper.framework; name = ExternalAccessory.framework; path = System/Library/Frameworks/ExternalAccessory.framework; sourceTree = SDKROOT; };
		C47DC30824D04FD40070A7ED /* libEZWiFiConfigSDK.a */ = {isa = PBXFileReference; lastKnownFileType = archive.ar; name = libEZWiFiConfigSDK.a; path = "../../../Library/Developer/Xcode/DerivedData/EZWiFiConfigSDKDemo-acflovifmojpemftcjpifeqzjzja/Build/Products/Debug-iphoneos/libEZWiFiConfigSDK.a"; sourceTree = "<group>"; };
		C47DC30E24D277620070A7ED /* EZAPDevInfo.h */ = {isa = PBXFileReference; fileEncoding = 4; lastKnownFileType = sourcecode.c.h; path = EZAPDevInfo.h; sourceTree = "<group>"; };
		C47DC30F24D277620070A7ED /* EZWiFiItemInfo.h */ = {isa = PBXFileReference; fileEncoding = 4; lastKnownFileType = sourcecode.c.h; path = EZWiFiItemInfo.h; sourceTree = "<group>"; };
		C4ACEB84245566ED008CD334 /* EZWiFiConfigDemo.app */ = {isa = PBXFileReference; explicitFileType = wrapper.application; includeInIndex = 0; path = EZWiFiConfigDemo.app; sourceTree = BUILT_PRODUCTS_DIR; };
		C4ACEB87245566ED008CD334 /* AppDelegate.h */ = {isa = PBXFileReference; lastKnownFileType = sourcecode.c.h; path = AppDelegate.h; sourceTree = "<group>"; };
		C4ACEB88245566ED008CD334 /* AppDelegate.m */ = {isa = PBXFileReference; lastKnownFileType = sourcecode.c.objc; path = AppDelegate.m; sourceTree = "<group>"; };
		C4ACEB8A245566ED008CD334 /* SceneDelegate.h */ = {isa = PBXFileReference; lastKnownFileType = sourcecode.c.h; path = SceneDelegate.h; sourceTree = "<group>"; };
		C4ACEB8B245566ED008CD334 /* SceneDelegate.m */ = {isa = PBXFileReference; lastKnownFileType = sourcecode.c.objc; path = SceneDelegate.m; sourceTree = "<group>"; };
		C4ACEB8D245566ED008CD334 /* ViewController.h */ = {isa = PBXFileReference; lastKnownFileType = sourcecode.c.h; path = ViewController.h; sourceTree = "<group>"; };
		C4ACEB8E245566ED008CD334 /* ViewController.m */ = {isa = PBXFileReference; lastKnownFileType = sourcecode.c.objc; path = ViewController.m; sourceTree = "<group>"; };
		C4ACEB91245566ED008CD334 /* Base */ = {isa = PBXFileReference; lastKnownFileType = file.storyboard; name = Base; path = Base.lproj/Main.storyboard; sourceTree = "<group>"; };
		C4ACEB93245566EE008CD334 /* Assets.xcassets */ = {isa = PBXFileReference; lastKnownFileType = folder.assetcatalog; path = Assets.xcassets; sourceTree = "<group>"; };
		C4ACEB96245566EE008CD334 /* Base */ = {isa = PBXFileReference; lastKnownFileType = file.storyboard; name = Base; path = Base.lproj/LaunchScreen.storyboard; sourceTree = "<group>"; };
		C4ACEB98245566EE008CD334 /* Info.plist */ = {isa = PBXFileReference; lastKnownFileType = text.plist.xml; path = Info.plist; sourceTree = "<group>"; };
		C4ACEB99245566EE008CD334 /* main.m */ = {isa = PBXFileReference; lastKnownFileType = sourcecode.c.objc; path = main.m; sourceTree = "<group>"; };
		C4ACEBB124556E85008CD334 /* AVFoundation.framework */ = {isa = PBXFileReference; lastKnownFileType = wrapper.framework; name = AVFoundation.framework; path = System/Library/Frameworks/AVFoundation.framework; sourceTree = SDKROOT; };
		C4ACEBB524556F3D008CD334 /* SystemConfiguration.framework */ = {isa = PBXFileReference; lastKnownFileType = wrapper.framework; name = SystemConfiguration.framework; path = System/Library/Frameworks/SystemConfiguration.framework; sourceTree = SDKROOT; };
		C4ACEBB724556F4C008CD334 /* AudioToolbox.framework */ = {isa = PBXFileReference; lastKnownFileType = wrapper.framework; name = AudioToolbox.framework; path = System/Library/Frameworks/AudioToolbox.framework; sourceTree = SDKROOT; };
		C4ACEBB924556F59008CD334 /* MobileCoreServices.framework */ = {isa = PBXFileReference; lastKnownFileType = wrapper.framework; name = MobileCoreServices.framework; path = System/Library/Frameworks/MobileCoreServices.framework; sourceTree = SDKROOT; };
		C4ACEBBB24556F71008CD334 /* VideoToolbox.framework */ = {isa = PBXFileReference; lastKnownFileType = wrapper.framework; name = VideoToolbox.framework; path = System/Library/Frameworks/VideoToolbox.framework; sourceTree = SDKROOT; };
		C4ACECDD24567836008CD334 /* libc++.tbd */ = {isa = PBXFileReference; lastKnownFileType = "sourcecode.text-based-dylib-definition"; name = "libc++.tbd"; path = "usr/lib/libc++.tbd"; sourceTree = SDKROOT; };
		C4ACECDF2456785B008CD334 /* libiconv.2.4.0.tbd */ = {isa = PBXFileReference; lastKnownFileType = "sourcecode.text-based-dylib-definition"; name = libiconv.2.4.0.tbd; path = usr/lib/libiconv.2.4.0.tbd; sourceTree = SDKROOT; };
		C4ACED0B24567D2E008CD334 /* libbz2.tbd */ = {isa = PBXFileReference; lastKnownFileType = "sourcecode.text-based-dylib-definition"; name = libbz2.tbd; path = usr/lib/libbz2.tbd; sourceTree = SDKROOT; };
		C4ACED0D24567D41008CD334 /* libz.tbd */ = {isa = PBXFileReference; lastKnownFileType = "sourcecode.text-based-dylib-definition"; name = libz.tbd; path = usr/lib/libz.tbd; sourceTree = SDKROOT; };
/* End PBXFileReference section */

/* Begin PBXFrameworksBuildPhase section */
		C4ACEB81245566ED008CD334 /* Frameworks */ = {
			isa = PBXFrameworksBuildPhase;
			buildActionMask = 2147483647;
			files = (
				291BC16926A18550003198B8 /* libssl.a in Frameworks */,
				291BC15F26A1843E003198B8 /* VideoToolbox.framework in Frameworks */,
				291BC15E26A18436003198B8 /* CoreMedia.framework in Frameworks */,
				291BC15C26A18429003198B8 /* AudioToolbox.framework in Frameworks */,
				C437D5C02465496A0012D982 /* AVFoundation.framework in Frameworks */,
				C437D5BF2465495B0012D982 /* libc++.tbd in Frameworks */,
				C437D41A246533B40012D982 /* libiconv.2.4.0.tbd in Frameworks */,
				C47DC30924D04FD40070A7ED /* libEZWiFiConfigSDK.a in Frameworks */,
				C437D62B246B96DE0012D982 /* NetworkExtension.framework in Frameworks */,
				291BC16826A1854D003198B8 /* libcrypto.a in Frameworks */,
			);
			runOnlyForDeploymentPostprocessing = 0;
		};
/* End PBXFrameworksBuildPhase section */

/* Begin PBXGroup section */
		C437D412246533210012D982 /* WiFiSDK */ = {
			isa = PBXGroup;
			children = (
				C437D56A24653BB20012D982 /* openssl */,
				C437D413246533440012D982 /* include */,
				C437D415246533440012D982 /* libEZWiFiConfigSDK.a */,
			);
			path = WiFiSDK;
			sourceTree = "<group>";
		};
		C437D413246533440012D982 /* include */ = {
			isa = PBXGroup;
			children = (
				C47DC30D24D277620070A7ED /* model */,
				C437D414246533440012D982 /* EZWiFiConfigManager.h */,
			);
			path = include;
			sourceTree = "<group>";
		};
		C437D56A24653BB20012D982 /* openssl */ = {
			isa = PBXGroup;
			children = (
				C437D56B24653BB20012D982 /* libcrypto.a */,
				C437D5BC24653BB20012D982 /* libssl.a */,
			);
			path = openssl;
			sourceTree = "<group>";
		};
		C461F74024595AE900F9E796 /* Toast */ = {
			isa = PBXGroup;
			children = (
				C461F74124595AE900F9E796 /* UIView+Toast.h */,
				C461F74224595AE900F9E796 /* UIView+Toast.m */,
			);
			path = Toast;
			sourceTree = "<group>";
		};
		C47DC30D24D277620070A7ED /* model */ = {
			isa = PBXGroup;
			children = (
				29F238342692A08E00A9B726 /* EZConfigTokenInfo.h */,
				C47DC30E24D277620070A7ED /* EZAPDevInfo.h */,
				C47DC30F24D277620070A7ED /* EZWiFiItemInfo.h */,
			);
			path = model;
			sourceTree = "<group>";
		};
		C4ACEB7B245566ED008CD334 = {
			isa = PBXGroup;
			children = (
				C4ACEB86245566ED008CD334 /* EZWiFiConfigDemo */,
				C4ACEB85245566ED008CD334 /* Products */,
				C4ACEBB024556E85008CD334 /* Frameworks */,
			);
			sourceTree = "<group>";
		};
		C4ACEB85245566ED008CD334 /* Products */ = {
			isa = PBXGroup;
			children = (
				C4ACEB84245566ED008CD334 /* EZWiFiConfigDemo.app */,
			);
			name = Products;
			sourceTree = "<group>";
		};
		C4ACEB86245566ED008CD334 /* EZWiFiConfigDemo */ = {
			isa = PBXGroup;
			children = (
				C461F74424595D7000F9E796 /* EZWiFiConfigDemo.entitlements */,
				C437D412246533210012D982 /* WiFiSDK */,
				C461F74024595AE900F9E796 /* Toast */,
				C4ACEB87245566ED008CD334 /* AppDelegate.h */,
				C4ACEB88245566ED008CD334 /* AppDelegate.m */,
				C4ACEB8A245566ED008CD334 /* SceneDelegate.h */,
				C4ACEB8B245566ED008CD334 /* SceneDelegate.m */,
				C4ACEB8D245566ED008CD334 /* ViewController.h */,
				C4ACEB8E245566ED008CD334 /* ViewController.m */,
				C4ACEB90245566ED008CD334 /* Main.storyboard */,
				C4ACEB93245566EE008CD334 /* Assets.xcassets */,
				C4ACEB95245566EE008CD334 /* LaunchScreen.storyboard */,
				C4ACEB98245566EE008CD334 /* Info.plist */,
				C4ACEB99245566EE008CD334 /* main.m */,
			);
			path = EZWiFiConfigDemo;
			sourceTree = "<group>";
		};
		C4ACEBB024556E85008CD334 /* Frameworks */ = {
			isa = PBXGroup;
			children = (
				291BC15D26A18436003198B8 /* CoreMedia.framework */,
				291BC15A26A183AA003198B8 /* AudioUnit.framework */,
				C47DC30824D04FD40070A7ED /* libEZWiFiConfigSDK.a */,
				C437D62A246B96DE0012D982 /* NetworkExtension.framework */,
				C461F74524595D7600F9E796 /* ExternalAccessory.framework */,
				C4ACED0D24567D41008CD334 /* libz.tbd */,
				C4ACED0B24567D2E008CD334 /* libbz2.tbd */,
				C4ACECDF2456785B008CD334 /* libiconv.2.4.0.tbd */,
				C4ACECDD24567836008CD334 /* libc++.tbd */,
				C4ACEBBB24556F71008CD334 /* VideoToolbox.framework */,
				C4ACEBB924556F59008CD334 /* MobileCoreServices.framework */,
				C4ACEBB724556F4C008CD334 /* AudioToolbox.framework */,
				C4ACEBB524556F3D008CD334 /* SystemConfiguration.framework */,
				C4ACEBB124556E85008CD334 /* AVFoundation.framework */,
			);
			name = Frameworks;
			sourceTree = "<group>";
		};
/* End PBXGroup section */

/* Begin PBXNativeTarget section */
		C4ACEB83245566ED008CD334 /* EZWiFiConfigDemo */ = {
			isa = PBXNativeTarget;
			buildConfigurationList = C4ACEB9D245566EE008CD334 /* Build configuration list for PBXNativeTarget "EZWiFiConfigDemo" */;
			buildPhases = (
				C4ACEB80245566ED008CD334 /* Sources */,
				C4ACEB81245566ED008CD334 /* Frameworks */,
				C4ACEB82245566ED008CD334 /* Resources */,
			);
			buildRules = (
			);
			dependencies = (
			);
			name = EZWiFiConfigDemo;
			productName = EZWiFiConfigDemo;
			productReference = C4ACEB84245566ED008CD334 /* EZWiFiConfigDemo.app */;
			productType = "com.apple.product-type.application";
		};
/* End PBXNativeTarget section */

/* Begin PBXProject section */
		C4ACEB7C245566ED008CD334 /* Project object */ = {
			isa = PBXProject;
			attributes = {
				LastUpgradeCheck = 1130;
				ORGANIZATIONNAME = com.hikvision.ezviz;
				TargetAttributes = {
					C4ACEB83245566ED008CD334 = {
						CreatedOnToolsVersion = 11.3.1;
					};
				};
			};
			buildConfigurationList = C4ACEB7F245566ED008CD334 /* Build configuration list for PBXProject "EZWiFiConfigDemo" */;
			compatibilityVersion = "Xcode 9.3";
			developmentRegion = en;
			hasScannedForEncodings = 0;
			knownRegions = (
				en,
				Base,
			);
			mainGroup = C4ACEB7B245566ED008CD334;
			productRefGroup = C4ACEB85245566ED008CD334 /* Products */;
			projectDirPath = "";
			projectRoot = "";
			targets = (
				C4ACEB83245566ED008CD334 /* EZWiFiConfigDemo */,
			);
		};
/* End PBXProject section */

/* Begin PBXResourcesBuildPhase section */
		C4ACEB82245566ED008CD334 /* Resources */ = {
			isa = PBXResourcesBuildPhase;
			buildActionMask = 2147483647;
			files = (
				C4ACEB97245566EE008CD334 /* LaunchScreen.storyboard in Resources */,
				C4ACEB94245566EE008CD334 /* Assets.xcassets in Resources */,
				C4ACEB92245566ED008CD334 /* Main.storyboard in Resources */,
			);
			runOnlyForDeploymentPostprocessing = 0;
		};
/* End PBXResourcesBuildPhase section */

/* Begin PBXSourcesBuildPhase section */
		C4ACEB80245566ED008CD334 /* Sources */ = {
			isa = PBXSourcesBuildPhase;
			buildActionMask = 2147483647;
			files = (
				C4ACEB8F245566ED008CD334 /* ViewController.m in Sources */,
				C4ACEB89245566ED008CD334 /* AppDelegate.m in Sources */,
				C4ACEB9A245566EE008CD334 /* main.m in Sources */,
				C461F74324595AE900F9E796 /* UIView+Toast.m in Sources */,
				C4ACEB8C245566ED008CD334 /* SceneDelegate.m in Sources */,
			);
			runOnlyForDeploymentPostprocessing = 0;
		};
/* End PBXSourcesBuildPhase section */

/* Begin PBXVariantGroup section */
		C4ACEB90245566ED008CD334 /* Main.storyboard */ = {
			isa = PBXVariantGroup;
			children = (
				C4ACEB91245566ED008CD334 /* Base */,
			);
			name = Main.storyboard;
			sourceTree = "<group>";
		};
		C4ACEB95245566EE008CD334 /* LaunchScreen.storyboard */ = {
			isa = PBXVariantGroup;
			children = (
				C4ACEB96245566EE008CD334 /* Base */,
			);
			name = LaunchScreen.storyboard;
			sourceTree = "<group>";
		};
/* End PBXVariantGroup section */

/* Begin XCBuildConfiguration section */
		C4ACEB9B245566EE008CD334 /* Debug */ = {
			isa = XCBuildConfiguration;
			buildSettings = {
				ALWAYS_SEARCH_USER_PATHS = NO;
				CLANG_ANALYZER_NONNULL = YES;
				CLANG_ANALYZER_NUMBER_OBJECT_CONVERSION = YES_AGGRESSIVE;
				CLANG_CXX_LANGUAGE_STANDARD = "gnu++14";
				CLANG_CXX_LIBRARY = "libc++";
				CLANG_ENABLE_MODULES = YES;
				CLANG_ENABLE_OBJC_ARC = YES;
				CLANG_ENABLE_OBJC_WEAK = YES;
				CLANG_WARN_BLOCK_CAPTURE_AUTORELEASING = YES;
				CLANG_WARN_BOOL_CONVERSION = YES;
				CLANG_WARN_COMMA = YES;
				CLANG_WARN_CONSTANT_CONVERSION = YES;
				CLANG_WARN_DEPRECATED_OBJC_IMPLEMENTATIONS = YES;
				CLANG_WARN_DIRECT_OBJC_ISA_USAGE = YES_ERROR;
				CLANG_WARN_DOCUMENTATION_COMMENTS = YES;
				CLANG_WARN_EMPTY_BODY = YES;
				CLANG_WARN_ENUM_CONVERSION = YES;
				CLANG_WARN_INFINITE_RECURSION = YES;
				CLANG_WARN_INT_CONVERSION = YES;
				CLANG_WARN_NON_LITERAL_NULL_CONVERSION = YES;
				CLANG_WARN_OBJC_IMPLICIT_RETAIN_SELF = YES;
				CLANG_WARN_OBJC_LITERAL_CONVERSION = YES;
				CLANG_WARN_OBJC_ROOT_CLASS = YES_ERROR;
				CLANG_WARN_RANGE_LOOP_ANALYSIS = YES;
				CLANG_WARN_STRICT_PROTOTYPES = YES;
				CLANG_WARN_SUSPICIOUS_MOVE = YES;
				CLANG_WARN_UNGUARDED_AVAILABILITY = YES_AGGRESSIVE;
				CLANG_WARN_UNREACHABLE_CODE = YES;
				CLANG_WARN__DUPLICATE_METHOD_MATCH = YES;
				COPY_PHASE_STRIP = NO;
				DEBUG_INFORMATION_FORMAT = dwarf;
				ENABLE_STRICT_OBJC_MSGSEND = YES;
				ENABLE_TESTABILITY = YES;
				GCC_C_LANGUAGE_STANDARD = gnu11;
				GCC_DYNAMIC_NO_PIC = NO;
				GCC_NO_COMMON_BLOCKS = YES;
				GCC_OPTIMIZATION_LEVEL = 0;
				GCC_PREPROCESSOR_DEFINITIONS = (
					"DEBUG=1",
					"$(inherited)",
				);
				GCC_WARN_64_TO_32_BIT_CONVERSION = YES;
				GCC_WARN_ABOUT_RETURN_TYPE = YES_ERROR;
				GCC_WARN_UNDECLARED_SELECTOR = YES;
				GCC_WARN_UNINITIALIZED_AUTOS = YES_AGGRESSIVE;
				GCC_WARN_UNUSED_FUNCTION = YES;
				GCC_WARN_UNUSED_VARIABLE = YES;
				IPHONEOS_DEPLOYMENT_TARGET = 13.2;
				MTL_ENABLE_DEBUG_INFO = INCLUDE_SOURCE;
				MTL_FAST_MATH = YES;
				ONLY_ACTIVE_ARCH = YES;
				SDKROOT = iphoneos;
			};
			name = Debug;
		};
		C4ACEB9C245566EE008CD334 /* Release */ = {
			isa = XCBuildConfiguration;
			buildSettings = {
				ALWAYS_SEARCH_USER_PATHS = NO;
				CLANG_ANALYZER_NONNULL = YES;
				CLANG_ANALYZER_NUMBER_OBJECT_CONVERSION = YES_AGGRESSIVE;
				CLANG_CXX_LANGUAGE_STANDARD = "gnu++14";
				CLANG_CXX_LIBRARY = "libc++";
				CLANG_ENABLE_MODULES = YES;
				CLANG_ENABLE_OBJC_ARC = YES;
				CLANG_ENABLE_OBJC_WEAK = YES;
				CLANG_WARN_BLOCK_CAPTURE_AUTORELEASING = YES;
				CLANG_WARN_BOOL_CONVERSION = YES;
				CLANG_WARN_COMMA = YES;
				CLANG_WARN_CONSTANT_CONVERSION = YES;
				CLANG_WARN_DEPRECATED_OBJC_IMPLEMENTATIONS = YES;
				CLANG_WARN_DIRECT_OBJC_ISA_USAGE = YES_ERROR;
				CLANG_WARN_DOCUMENTATION_COMMENTS = YES;
				CLANG_WARN_EMPTY_BODY = YES;
				CLANG_WARN_ENUM_CONVERSION = YES;
				CLANG_WARN_INFINITE_RECURSION = YES;
				CLANG_WARN_INT_CONVERSION = YES;
				CLANG_WARN_NON_LITERAL_NULL_CONVERSION = YES;
				CLANG_WARN_OBJC_IMPLICIT_RETAIN_SELF = YES;
				CLANG_WARN_OBJC_LITERAL_CONVERSION = YES;
				CLANG_WARN_OBJC_ROOT_CLASS = YES_ERROR;
				CLANG_WARN_RANGE_LOOP_ANALYSIS = YES;
				CLANG_WARN_STRICT_PROTOTYPES = YES;
				CLANG_WARN_SUSPICIOUS_MOVE = YES;
				CLANG_WARN_UNGUARDED_AVAILABILITY = YES_AGGRESSIVE;
				CLANG_WARN_UNREACHABLE_CODE = YES;
				CLANG_WARN__DUPLICATE_METHOD_MATCH = YES;
				COPY_PHASE_STRIP = NO;
				DEBUG_INFORMATION_FORMAT = "dwarf-with-dsym";
				ENABLE_NS_ASSERTIONS = NO;
				ENABLE_STRICT_OBJC_MSGSEND = YES;
				GCC_C_LANGUAGE_STANDARD = gnu11;
				GCC_NO_COMMON_BLOCKS = YES;
				GCC_WARN_64_TO_32_BIT_CONVERSION = YES;
				GCC_WARN_ABOUT_RETURN_TYPE = YES_ERROR;
				GCC_WARN_UNDECLARED_SELECTOR = YES;
				GCC_WARN_UNINITIALIZED_AUTOS = YES_AGGRESSIVE;
				GCC_WARN_UNUSED_FUNCTION = YES;
				GCC_WARN_UNUSED_VARIABLE = YES;
				IPHONEOS_DEPLOYMENT_TARGET = 13.2;
				MTL_ENABLE_DEBUG_INFO = NO;
				MTL_FAST_MATH = YES;
				SDKROOT = iphoneos;
				VALIDATE_PRODUCT = YES;
			};
			name = Release;
		};
		C4ACEB9E245566EE008CD334 /* Debug */ = {
			isa = XCBuildConfiguration;
			buildSettings = {
				ASSETCATALOG_COMPILER_APPICON_NAME = AppIcon;
				CODE_SIGN_ENTITLEMENTS = EZWiFiConfigDemo/EZWiFiConfigDemo.entitlements;
				CODE_SIGN_IDENTITY = "iPhone Developer";
				CODE_SIGN_STYLE = Manual;
				DEVELOPMENT_TEAM = 8PV5G72AU4;
				ENABLE_BITCODE = NO;
				HEADER_SEARCH_PATHS = (
					"$(PROJECT_DIR)/EZWiFiConfigDemo/WiFiSDK/include",
					"$(PROJECT_DIR)/EZWiFiConfigDemo/WiFiSDK/include/model",
				);
				INFOPLIST_FILE = EZWiFiConfigDemo/Info.plist;
				IPHONEOS_DEPLOYMENT_TARGET = 10.0;
				LD_RUNPATH_SEARCH_PATHS = (
					"$(inherited)",
					"@executable_path/Frameworks",
				);
				LIBRARY_SEARCH_PATHS = (
					"$(inherited)",
					"$(PROJECT_DIR)/EZWiFiConfigDemo/WiFiSDK",
					"$(PROJECT_DIR)/EZWiFiConfigDemo/WiFiSDK/openssl",
				);
				MARKETING_VERSION = 1.1.0;
				OTHER_LDFLAGS = "-ObjC";
				PRODUCT_BUNDLE_IDENTIFIER = com.hikvision.videogoTest;
				PRODUCT_NAME = "$(TARGET_NAME)";
				PROVISIONING_PROFILE_SPECIFIER = Ezviz_videogoTest_develop;
				TARGETED_DEVICE_FAMILY = "1,2";
			};
			name = Debug;
		};
		C4ACEB9F245566EE008CD334 /* Release */ = {
			isa = XCBuildConfiguration;
			buildSettings = {
				ASSETCATALOG_COMPILER_APPICON_NAME = AppIcon;
				CODE_SIGN_ENTITLEMENTS = EZWiFiConfigDemo/EZWiFiConfigDemo.entitlements;
				CODE_SIGN_IDENTITY = "iPhone Developer";
				CODE_SIGN_STYLE = Manual;
				DEVELOPMENT_TEAM = 8PV5G72AU4;
				ENABLE_BITCODE = NO;
				HEADER_SEARCH_PATHS = (
					"$(PROJECT_DIR)/EZWiFiConfigDemo/WiFiSDK/include",
					"$(PROJECT_DIR)/EZWiFiConfigDemo/WiFiSDK/include/model",
				);
				INFOPLIST_FILE = EZWiFiConfigDemo/Info.plist;
				IPHONEOS_DEPLOYMENT_TARGET = 10.0;
				LD_RUNPATH_SEARCH_PATHS = (
					"$(inherited)",
					"@executable_path/Frameworks",
				);
				LIBRARY_SEARCH_PATHS = (
					"$(inherited)",
					"$(PROJECT_DIR)/EZWiFiConfigDemo/WiFiSDK",
					"$(PROJECT_DIR)/EZWiFiConfigDemo/WiFiSDK/openssl",
				);
				MARKETING_VERSION = 1.1.0;
				OTHER_LDFLAGS = "-ObjC";
				PRODUCT_BUNDLE_IDENTIFIER = com.hikvision.videogoTest;
				PRODUCT_NAME = "$(TARGET_NAME)";
				PROVISIONING_PROFILE_SPECIFIER = Ezviz_videogoTest_develop;
				TARGETED_DEVICE_FAMILY = "1,2";
			};
			name = Release;
		};
/* End XCBuildConfiguration section */

/* Begin XCConfigurationList section */
		C4ACEB7F245566ED008CD334 /* Build configuration list for PBXProject "EZWiFiConfigDemo" */ = {
			isa = XCConfigurationList;
			buildConfigurations = (
				C4ACEB9B245566EE008CD334 /* Debug */,
				C4ACEB9C245566EE008CD334 /* Release */,
			);
			defaultConfigurationIsVisible = 0;
			defaultConfigurationName = Release;
		};
		C4ACEB9D245566EE008CD334 /* Build configuration list for PBXNativeTarget "EZWiFiConfigDemo" */ = {
			isa = XCConfigurationList;
			buildConfigurations = (
				C4ACEB9E245566EE008CD334 /* Debug */,
				C4ACEB9F245566EE008CD334 /* Release */,
			);
			defaultConfigurationIsVisible = 0;
			defaultConfigurationName = Release;
		};
/* End XCConfigurationList section */
	};
	rootObject = C4ACEB7C245566ED008CD334 /* Project object */;
}
